
Microsoft Visual Studio Solution File, Format Version 12.00
# Visual Studio Version 16
VisualStudioVersion = 16.0.31624.102
MinimumVisualStudioVersion = 10.0.40219.1
Project("{FAE04EC0-301F-11D3-BF4B-00C04F79EFBC}") = "Cs_lab06", "Cs_lab06\Cs_lab06.csproj", "{B944A552-FCE5-4B67-88CE-1B2E18E1466B}"
EndProject
Global
	GlobalSection(SolutionConfigurationPlatforms) = preSolution
		Debug|Any CPU = Debug|Any CPU
		Release|Any CPU = Release|Any CPU
	EndGlobalSection
	GlobalSection(ProjectConfigurationPlatforms) = postSolution
		{B944A552-FCE5-4B67-88CE-1B2E18E1466B}.Debug|Any CPU.ActiveCfg = Debug|Any CPU
		{B944A552-FCE5-4B67-88CE-1B2E18E1466B}.Debug|Any CPU.Build.0 = Debug|Any CPU
		{B944A552-FCE5-4B67-88CE-1B2E18E1466B}.Release|Any CPU.ActiveCfg = Release|Any CPU
		{B944A552-FCE5-4B67-88CE-1B2E18E1466B}.Release|Any CPU.Build.0 = Release|Any CPU
	EndGlobalSection
	GlobalSection(SolutionProperties) = preSolution
		HideSolutionNode = FALSE
	EndGlobalSection
	GlobalSection(ExtensibilityGlobals) = postSolution
		SolutionGuid = {B451D8BA-9CE0-4763-9D7E-1F2C4CEE4E05}
	EndGlobalSection
EndGlobal
